// !$*UTF8*$!
{
	archiveVersion = 1;
	classes = {
	};
	objectVersion = 48;
	objects = {

/* Begin PBXBuildFile section */
		84B4BD7320656CC30010346A /* AppDelegate.swift in Sources */ = {isa = PBXBuildFile; fileRef = 84B4BD7220656CC30010346A /* AppDelegate.swift */; };
		84B4BD7520656CC30010346A /* GameScene.sks in Resources */ = {isa = PBXBuildFile; fileRef = 84B4BD7420656CC30010346A /* GameScene.sks */; };
		84B4BD7720656CC30010346A /* Actions.sks in Resources */ = {isa = PBXBuildFile; fileRef = 84B4BD7620656CC30010346A /* Actions.sks */; };
		84B4BD7920656CC30010346A /* GameScene.swift in Sources */ = {isa = PBXBuildFile; fileRef = 84B4BD7820656CC30010346A /* GameScene.swift */; };
		84B4BD7B20656CC30010346A /* GameViewController.swift in Sources */ = {isa = PBXBuildFile; fileRef = 84B4BD7A20656CC30010346A /* GameViewController.swift */; };
		84B4BD7E20656CC30010346A /* Main.storyboard in Resources */ = {isa = PBXBuildFile; fileRef = 84B4BD7C20656CC30010346A /* Main.storyboard */; };
		84B4BD8020656CC30010346A /* Assets.xcassets in Resources */ = {isa = PBXBuildFile; fileRef = 84B4BD7F20656CC30010346A /* Assets.xcassets */; };
		84B4BD8320656CC30010346A /* LaunchScreen.storyboard in Resources */ = {isa = PBXBuildFile; fileRef = 84B4BD8120656CC30010346A /* LaunchScreen.storyboard */; };
		84B4BD8E20656CC40010346A /* gameTestTests.swift in Sources */ = {isa = PBXBuildFile; fileRef = 84B4BD8D20656CC40010346A /* gameTestTests.swift */; };
		84B4BD9920656CC40010346A /* gameTestUITests.swift in Sources */ = {isa = PBXBuildFile; fileRef = 84B4BD9820656CC40010346A /* gameTestUITests.swift */; };
		84FF3500216E8F2F0009BE00 /* TableViewController.swift in Sources */ = {isa = PBXBuildFile; fileRef = 84FF34FF216E8F2F0009BE00 /* TableViewController.swift */; };
		85777919E711D750741FC2A1 /* Pods_gameTestUITests.framework in Frameworks */ = {isa = PBXBuildFile; fileRef = 0642E8AEA002B3F4FAAFF761 /* Pods_gameTestUITests.framework */; };
		E62EA1D88C41AE7293A26ED6 /* Pods_gameTestTests.framework in Frameworks */ = {isa = PBXBuildFile; fileRef = E371B7B1CED2ECC45EAC3C69 /* Pods_gameTestTests.framework */; };
		FE2DC6A85FEE94763A1979E6 /* Pods_gameTest.framework in Frameworks */ = {isa = PBXBuildFile; fileRef = 619645DE3702F86324507334 /* Pods_gameTest.framework */; };
/* End PBXBuildFile section */

/* Begin PBXContainerItemProxy section */
		84B4BD8A20656CC30010346A /* PBXContainerItemProxy */ = {
			isa = PBXContainerItemProxy;
			containerPortal = 84B4BD6720656CC30010346A /* Project object */;
			proxyType = 1;
			remoteGlobalIDString = 84B4BD6E20656CC30010346A;
			remoteInfo = gameTest;
		};
		84B4BD9520656CC40010346A /* PBXContainerItemProxy */ = {
			isa = PBXContainerItemProxy;
			containerPortal = 84B4BD6720656CC30010346A /* Project object */;
			proxyType = 1;
			remoteGlobalIDString = 84B4BD6E20656CC30010346A;
			remoteInfo = gameTest;
		};
/* End PBXContainerItemProxy section */

/* Begin PBXFileReference section */
		0642E8AEA002B3F4FAAFF761 /* Pods_gameTestUITests.framework */ = {isa = PBXFileReference; explicitFileType = wrapper.framework; includeInIndex = 0; path = Pods_gameTestUITests.framework; sourceTree = BUILT_PRODUCTS_DIR; };
		3720AD2BE18E3F0A97379C0E /* Pods-gameTestUITests.debug.xcconfig */ = {isa = PBXFileReference; includeInIndex = 1; lastKnownFileType = text.xcconfig; name = "Pods-gameTestUITests.debug.xcconfig"; path = "Pods/Target Support Files/Pods-gameTestUITests/Pods-gameTestUITests.debug.xcconfig"; sourceTree = "<group>"; };
		594D85CDA414FCDF77EAA2A2 /* Pods-gameTest.release.xcconfig */ = {isa = PBXFileReference; includeInIndex = 1; lastKnownFileType = text.xcconfig; name = "Pods-gameTest.release.xcconfig"; path = "Pods/Target Support Files/Pods-gameTest/Pods-gameTest.release.xcconfig"; sourceTree = "<group>"; };
		619645DE3702F86324507334 /* Pods_gameTest.framework */ = {isa = PBXFileReference; explicitFileType = wrapper.framework; includeInIndex = 0; path = Pods_gameTest.framework; sourceTree = BUILT_PRODUCTS_DIR; };
		6CEC3BB9B9A5E03D5FC01FC0 /* Pods-gameTestTests.release.xcconfig */ = {isa = PBXFileReference; includeInIndex = 1; lastKnownFileType = text.xcconfig; name = "Pods-gameTestTests.release.xcconfig"; path = "Pods/Target Support Files/Pods-gameTestTests/Pods-gameTestTests.release.xcconfig"; sourceTree = "<group>"; };
		7593292A5B5FF2BC3AF79E1B /* Pods-gameTestTests.debug.xcconfig */ = {isa = PBXFileReference; includeInIndex = 1; lastKnownFileType = text.xcconfig; name = "Pods-gameTestTests.debug.xcconfig"; path = "Pods/Target Support Files/Pods-gameTestTests/Pods-gameTestTests.debug.xcconfig"; sourceTree = "<group>"; };
		84B4BD6F20656CC30010346A /* gameTest.app */ = {isa = PBXFileReference; explicitFileType = wrapper.application; includeInIndex = 0; path = gameTest.app; sourceTree = BUILT_PRODUCTS_DIR; };
		84B4BD7220656CC30010346A /* AppDelegate.swift */ = {isa = PBXFileReference; lastKnownFileType = sourcecode.swift; path = AppDelegate.swift; sourceTree = "<group>"; };
		84B4BD7420656CC30010346A /* GameScene.sks */ = {isa = PBXFileReference; lastKnownFileType = file.sks; path = GameScene.sks; sourceTree = "<group>"; };
		84B4BD7620656CC30010346A /* Actions.sks */ = {isa = PBXFileReference; lastKnownFileType = file.sks; path = Actions.sks; sourceTree = "<group>"; };
		84B4BD7820656CC30010346A /* GameScene.swift */ = {isa = PBXFileReference; lastKnownFileType = sourcecode.swift; path = GameScene.swift; sourceTree = "<group>"; };
		84B4BD7A20656CC30010346A /* GameViewController.swift */ = {isa = PBXFileReference; lastKnownFileType = sourcecode.swift; path = GameViewController.swift; sourceTree = "<group>"; };
		84B4BD7D20656CC30010346A /* Base */ = {isa = PBXFileReference; lastKnownFileType = file.storyboard; name = Base; path = Base.lproj/Main.storyboard; sourceTree = "<group>"; };
		84B4BD7F20656CC30010346A /* Assets.xcassets */ = {isa = PBXFileReference; lastKnownFileType = folder.assetcatalog; path = Assets.xcassets; sourceTree = "<group>"; };
		84B4BD8220656CC30010346A /* Base */ = {isa = PBXFileReference; lastKnownFileType = file.storyboard; name = Base; path = Base.lproj/LaunchScreen.storyboard; sourceTree = "<group>"; };
		84B4BD8420656CC30010346A /* Info.plist */ = {isa = PBXFileReference; lastKnownFileType = text.plist.xml; path = Info.plist; sourceTree = "<group>"; };
		84B4BD8920656CC30010346A /* gameTestTests.xctest */ = {isa = PBXFileReference; explicitFileType = wrapper.cfbundle; includeInIndex = 0; path = gameTestTests.xctest; sourceTree = BUILT_PRODUCTS_DIR; };
		84B4BD8D20656CC40010346A /* gameTestTests.swift */ = {isa = PBXFileReference; lastKnownFileType = sourcecode.swift; path = gameTestTests.swift; sourceTree = "<group>"; };
		84B4BD8F20656CC40010346A /* Info.plist */ = {isa = PBXFileReference; lastKnownFileType = text.plist.xml; path = Info.plist; sourceTree = "<group>"; };
		84B4BD9420656CC40010346A /* gameTestUITests.xctest */ = {isa = PBXFileReference; explicitFileType = wrapper.cfbundle; includeInIndex = 0; path = gameTestUITests.xctest; sourceTree = BUILT_PRODUCTS_DIR; };
		84B4BD9820656CC40010346A /* gameTestUITests.swift */ = {isa = PBXFileReference; lastKnownFileType = sourcecode.swift; path = gameTestUITests.swift; sourceTree = "<group>"; };
		84B4BD9A20656CC40010346A /* Info.plist */ = {isa = PBXFileReference; lastKnownFileType = text.plist.xml; path = Info.plist; sourceTree = "<group>"; };
		84FF34FF216E8F2F0009BE00 /* TableViewController.swift */ = {isa = PBXFileReference; lastKnownFileType = sourcecode.swift; path = TableViewController.swift; sourceTree = "<group>"; };
		8D0583651443F4D1A80C5360 /* Pods-gameTest.debug.xcconfig */ = {isa = PBXFileReference; includeInIndex = 1; lastKnownFileType = text.xcconfig; name = "Pods-gameTest.debug.xcconfig"; path = "Pods/Target Support Files/Pods-gameTest/Pods-gameTest.debug.xcconfig"; sourceTree = "<group>"; };
		BBC888CF8726C6459E86B821 /* Pods-gameTestUITests.release.xcconfig */ = {isa = PBXFileReference; includeInIndex = 1; lastKnownFileType = text.xcconfig; name = "Pods-gameTestUITests.release.xcconfig"; path = "Pods/Target Support Files/Pods-gameTestUITests/Pods-gameTestUITests.release.xcconfig"; sourceTree = "<group>"; };
		E371B7B1CED2ECC45EAC3C69 /* Pods_gameTestTests.framework */ = {isa = PBXFileReference; explicitFileType = wrapper.framework; includeInIndex = 0; path = Pods_gameTestTests.framework; sourceTree = BUILT_PRODUCTS_DIR; };
/* End PBXFileReference section */

/* Begin PBXFrameworksBuildPhase section */
		84B4BD6C20656CC30010346A /* Frameworks */ = {
			isa = PBXFrameworksBuildPhase;
			buildActionMask = 2147483647;
			files = (
				FE2DC6A85FEE94763A1979E6 /* Pods_gameTest.framework in Frameworks */,
			);
			runOnlyForDeploymentPostprocessing = 0;
		};
		84B4BD8620656CC30010346A /* Frameworks */ = {
			isa = PBXFrameworksBuildPhase;
			buildActionMask = 2147483647;
			files = (
				E62EA1D88C41AE7293A26ED6 /* Pods_gameTestTests.framework in Frameworks */,
			);
			runOnlyForDeploymentPostprocessing = 0;
		};
		84B4BD9120656CC40010346A /* Frameworks */ = {
			isa = PBXFrameworksBuildPhase;
			buildActionMask = 2147483647;
			files = (
				85777919E711D750741FC2A1 /* Pods_gameTestUITests.framework in Frameworks */,
			);
			runOnlyForDeploymentPostprocessing = 0;
		};
/* End PBXFrameworksBuildPhase section */

/* Begin PBXGroup section */
		27AB1EE607BBAEAAFA3A4C69 /* Frameworks */ = {
			isa = PBXGroup;
			children = (
				619645DE3702F86324507334 /* Pods_gameTest.framework */,
				E371B7B1CED2ECC45EAC3C69 /* Pods_gameTestTests.framework */,
				0642E8AEA002B3F4FAAFF761 /* Pods_gameTestUITests.framework */,
			);
			name = Frameworks;
			sourceTree = "<group>";
		};
		77F36AD1B2B1D4EF08C08A30 /* Pods */ = {
			isa = PBXGroup;
			children = (
				8D0583651443F4D1A80C5360 /* Pods-gameTest.debug.xcconfig */,
				594D85CDA414FCDF77EAA2A2 /* Pods-gameTest.release.xcconfig */,
				7593292A5B5FF2BC3AF79E1B /* Pods-gameTestTests.debug.xcconfig */,
				6CEC3BB9B9A5E03D5FC01FC0 /* Pods-gameTestTests.release.xcconfig */,
				3720AD2BE18E3F0A97379C0E /* Pods-gameTestUITests.debug.xcconfig */,
				BBC888CF8726C6459E86B821 /* Pods-gameTestUITests.release.xcconfig */,
			);
			name = Pods;
			sourceTree = "<group>";
		};
		84B4BD6620656CC30010346A = {
			isa = PBXGroup;
			children = (
				84B4BD7120656CC30010346A /* gameTest */,
				84B4BD8C20656CC40010346A /* gameTestTests */,
				84B4BD9720656CC40010346A /* gameTestUITests */,
				84B4BD7020656CC30010346A /* Products */,
				77F36AD1B2B1D4EF08C08A30 /* Pods */,
				27AB1EE607BBAEAAFA3A4C69 /* Frameworks */,
			);
			sourceTree = "<group>";
		};
		84B4BD7020656CC30010346A /* Products */ = {
			isa = PBXGroup;
			children = (
				84B4BD6F20656CC30010346A /* gameTest.app */,
				84B4BD8920656CC30010346A /* gameTestTests.xctest */,
				84B4BD9420656CC40010346A /* gameTestUITests.xctest */,
			);
			name = Products;
			sourceTree = "<group>";
		};
		84B4BD7120656CC30010346A /* gameTest */ = {
			isa = PBXGroup;
			children = (
				84B4BD7220656CC30010346A /* AppDelegate.swift */,
				84B4BD7420656CC30010346A /* GameScene.sks */,
				84B4BD7620656CC30010346A /* Actions.sks */,
				84B4BD7820656CC30010346A /* GameScene.swift */,
				84B4BD7A20656CC30010346A /* GameViewController.swift */,
				84B4BD7C20656CC30010346A /* Main.storyboard */,
				84FF34FF216E8F2F0009BE00 /* TableViewController.swift */,
				84B4BD7F20656CC30010346A /* Assets.xcassets */,
				84B4BD8120656CC30010346A /* LaunchScreen.storyboard */,
				84B4BD8420656CC30010346A /* Info.plist */,
			);
			path = gameTest;
			sourceTree = "<group>";
		};
		84B4BD8C20656CC40010346A /* gameTestTests */ = {
			isa = PBXGroup;
			children = (
				84B4BD8D20656CC40010346A /* gameTestTests.swift */,
				84B4BD8F20656CC40010346A /* Info.plist */,
			);
			path = gameTestTests;
			sourceTree = "<group>";
		};
		84B4BD9720656CC40010346A /* gameTestUITests */ = {
			isa = PBXGroup;
			children = (
				84B4BD9820656CC40010346A /* gameTestUITests.swift */,
				84B4BD9A20656CC40010346A /* Info.plist */,
			);
			path = gameTestUITests;
			sourceTree = "<group>";
		};
/* End PBXGroup section */

/* Begin PBXNativeTarget section */
		84B4BD6E20656CC30010346A /* gameTest */ = {
			isa = PBXNativeTarget;
			buildConfigurationList = 84B4BD9D20656CC40010346A /* Build configuration list for PBXNativeTarget "gameTest" */;
			buildPhases = (
				C4D4F8333A4200CCA189D393 /* [CP] Check Pods Manifest.lock */,
				84B4BD6B20656CC30010346A /* Sources */,
				84B4BD6C20656CC30010346A /* Frameworks */,
				84B4BD6D20656CC30010346A /* Resources */,
			);
			buildRules = (
			);
			dependencies = (
			);
			name = gameTest;
			productName = gameTest;
			productReference = 84B4BD6F20656CC30010346A /* gameTest.app */;
			productType = "com.apple.product-type.application";
		};
		84B4BD8820656CC30010346A /* gameTestTests */ = {
			isa = PBXNativeTarget;
			buildConfigurationList = 84B4BDA020656CC40010346A /* Build configuration list for PBXNativeTarget "gameTestTests" */;
			buildPhases = (
				EDA681AF5B3608D4CCB66850 /* [CP] Check Pods Manifest.lock */,
				84B4BD8520656CC30010346A /* Sources */,
				84B4BD8620656CC30010346A /* Frameworks */,
				84B4BD8720656CC30010346A /* Resources */,
			);
			buildRules = (
			);
			dependencies = (
				84B4BD8B20656CC30010346A /* PBXTargetDependency */,
			);
			name = gameTestTests;
			productName = gameTestTests;
			productReference = 84B4BD8920656CC30010346A /* gameTestTests.xctest */;
			productType = "com.apple.product-type.bundle.unit-test";
		};
		84B4BD9320656CC40010346A /* gameTestUITests */ = {
			isa = PBXNativeTarget;
			buildConfigurationList = 84B4BDA320656CC40010346A /* Build configuration list for PBXNativeTarget "gameTestUITests" */;
			buildPhases = (
				F37975BEC6368013D35AEB03 /* [CP] Check Pods Manifest.lock */,
				84B4BD9020656CC40010346A /* Sources */,
				84B4BD9120656CC40010346A /* Frameworks */,
				84B4BD9220656CC40010346A /* Resources */,
			);
			buildRules = (
			);
			dependencies = (
				84B4BD9620656CC40010346A /* PBXTargetDependency */,
			);
			name = gameTestUITests;
			productName = gameTestUITests;
			productReference = 84B4BD9420656CC40010346A /* gameTestUITests.xctest */;
			productType = "com.apple.product-type.bundle.ui-testing";
		};
/* End PBXNativeTarget section */

/* Begin PBXProject section */
		84B4BD6720656CC30010346A /* Project object */ = {
			isa = PBXProject;
			attributes = {
				LastSwiftUpdateCheck = 0920;
				LastUpgradeCheck = 0930;
				ORGANIZATIONNAME = "Nathan Anderson";
				TargetAttributes = {
					84B4BD6E20656CC30010346A = {
						CreatedOnToolsVersion = 9.2;
						ProvisioningStyle = Automatic;
					};
					84B4BD8820656CC30010346A = {
						CreatedOnToolsVersion = 9.2;
						ProvisioningStyle = Automatic;
						TestTargetID = 84B4BD6E20656CC30010346A;
					};
					84B4BD9320656CC40010346A = {
						CreatedOnToolsVersion = 9.2;
						ProvisioningStyle = Automatic;
						TestTargetID = 84B4BD6E20656CC30010346A;
					};
				};
			};
			buildConfigurationList = 84B4BD6A20656CC30010346A /* Build configuration list for PBXProject "gameTest" */;
			compatibilityVersion = "Xcode 8.0";
			developmentRegion = en;
			hasScannedForEncodings = 0;
			knownRegions = (
				en,
				Base,
			);
			mainGroup = 84B4BD6620656CC30010346A;
			productRefGroup = 84B4BD7020656CC30010346A /* Products */;
			projectDirPath = "";
			projectRoot = "";
			targets = (
				84B4BD6E20656CC30010346A /* gameTest */,
				84B4BD8820656CC30010346A /* gameTestTests */,
				84B4BD9320656CC40010346A /* gameTestUITests */,
			);
		};
/* End PBXProject section */

/* Begin PBXResourcesBuildPhase section */
		84B4BD6D20656CC30010346A /* Resources */ = {
			isa = PBXResourcesBuildPhase;
			buildActionMask = 2147483647;
			files = (
				84B4BD7E20656CC30010346A /* Main.storyboard in Resources */,
				84B4BD7520656CC30010346A /* GameScene.sks in Resources */,
				84B4BD8020656CC30010346A /* Assets.xcassets in Resources */,
				84B4BD8320656CC30010346A /* LaunchScreen.storyboard in Resources */,
				84B4BD7720656CC30010346A /* Actions.sks in Resources */,
			);
			runOnlyForDeploymentPostprocessing = 0;
		};
		84B4BD8720656CC30010346A /* Resources */ = {
			isa = PBXResourcesBuildPhase;
			buildActionMask = 2147483647;
			files = (
			);
			runOnlyForDeploymentPostprocessing = 0;
		};
		84B4BD9220656CC40010346A /* Resources */ = {
			isa = PBXResourcesBuildPhase;
			buildActionMask = 2147483647;
			files = (
			);
			runOnlyForDeploymentPostprocessing = 0;
		};
/* End PBXResourcesBuildPhase section */

/* Begin PBXShellScriptBuildPhase section */
		C4D4F8333A4200CCA189D393 /* [CP] Check Pods Manifest.lock */ = {
			isa = PBXShellScriptBuildPhase;
			buildActionMask = 2147483647;
			files = (
			);
			inputPaths = (
				"${PODS_PODFILE_DIR_PATH}/Podfile.lock",
				"${PODS_ROOT}/Manifest.lock",
			);
			name = "[CP] Check Pods Manifest.lock";
			outputPaths = (
				"$(DERIVED_FILE_DIR)/Pods-gameTest-checkManifestLockResult.txt",
			);
			runOnlyForDeploymentPostprocessing = 0;
			shellPath = /bin/sh;
			shellScript = "diff \"${PODS_PODFILE_DIR_PATH}/Podfile.lock\" \"${PODS_ROOT}/Manifest.lock\" > /dev/null\nif [ $? != 0 ] ; then\n    # print error to STDERR\n    echo \"error: The sandbox is not in sync with the Podfile.lock. Run 'pod install' or update your CocoaPods installation.\" >&2\n    exit 1\nfi\n# This output is used by Xcode 'outputs' to avoid re-running this script phase.\necho \"SUCCESS\" > \"${SCRIPT_OUTPUT_FILE_0}\"\n";
			showEnvVarsInLog = 0;
		};
		EDA681AF5B3608D4CCB66850 /* [CP] Check Pods Manifest.lock */ = {
			isa = PBXShellScriptBuildPhase;
			buildActionMask = 2147483647;
			files = (
			);
			inputPaths = (
				"${PODS_PODFILE_DIR_PATH}/Podfile.lock",
				"${PODS_ROOT}/Manifest.lock",
			);
			name = "[CP] Check Pods Manifest.lock";
			outputPaths = (
				"$(DERIVED_FILE_DIR)/Pods-gameTestTests-checkManifestLockResult.txt",
			);
			runOnlyForDeploymentPostprocessing = 0;
			shellPath = /bin/sh;
			shellScript = "diff \"${PODS_PODFILE_DIR_PATH}/Podfile.lock\" \"${PODS_ROOT}/Manifest.lock\" > /dev/null\nif [ $? != 0 ] ; then\n    # print error to STDERR\n    echo \"error: The sandbox is not in sync with the Podfile.lock. Run 'pod install' or update your CocoaPods installation.\" >&2\n    exit 1\nfi\n# This output is used by Xcode 'outputs' to avoid re-running this script phase.\necho \"SUCCESS\" > \"${SCRIPT_OUTPUT_FILE_0}\"\n";
			showEnvVarsInLog = 0;
		};
		F37975BEC6368013D35AEB03 /* [CP] Check Pods Manifest.lock */ = {
			isa = PBXShellScriptBuildPhase;
			buildActionMask = 2147483647;
			files = (
			);
			inputPaths = (
				"${PODS_PODFILE_DIR_PATH}/Podfile.lock",
				"${PODS_ROOT}/Manifest.lock",
			);
			name = "[CP] Check Pods Manifest.lock";
			outputPaths = (
				"$(DERIVED_FILE_DIR)/Pods-gameTestUITests-checkManifestLockResult.txt",
			);
			runOnlyForDeploymentPostprocessing = 0;
			shellPath = /bin/sh;
			shellScript = "diff \"${PODS_PODFILE_DIR_PATH}/Podfile.lock\" \"${PODS_ROOT}/Manifest.lock\" > /dev/null\nif [ $? != 0 ] ; then\n    # print error to STDERR\n    echo \"error: The sandbox is not in sync with the Podfile.lock. Run 'pod install' or update your CocoaPods installation.\" >&2\n    exit 1\nfi\n# This output is used by Xcode 'outputs' to avoid re-running this script phase.\necho \"SUCCESS\" > \"${SCRIPT_OUTPUT_FILE_0}\"\n";
			showEnvVarsInLog = 0;
		};
/* End PBXShellScriptBuildPhase section */

/* Begin PBXSourcesBuildPhase section */
		84B4BD6B20656CC30010346A /* Sources */ = {
			isa = PBXSourcesBuildPhase;
			buildActionMask = 2147483647;
			files = (
				84B4BD7920656CC30010346A /* GameScene.swift in Sources */,
				84B4BD7B20656CC30010346A /* GameViewController.swift in Sources */,
				84B4BD7320656CC30010346A /* AppDelegate.swift in Sources */,
				84FF3500216E8F2F0009BE00 /* TableViewController.swift in Sources */,
			);
			runOnlyForDeploymentPostprocessing = 0;
		};
		84B4BD8520656CC30010346A /* Sources */ = {
			isa = PBXSourcesBuildPhase;
			buildActionMask = 2147483647;
			files = (
				84B4BD8E20656CC40010346A /* gameTestTests.swift in Sources */,
			);
			runOnlyForDeploymentPostprocessing = 0;
		};
		84B4BD9020656CC40010346A /* Sources */ = {
			isa = PBXSourcesBuildPhase;
			buildActionMask = 2147483647;
			files = (
				84B4BD9920656CC40010346A /* gameTestUITests.swift in Sources */,
			);
			runOnlyForDeploymentPostprocessing = 0;
		};
/* End PBXSourcesBuildPhase section */

/* Begin PBXTargetDependency section */
		84B4BD8B20656CC30010346A /* PBXTargetDependency */ = {
			isa = PBXTargetDependency;
			target = 84B4BD6E20656CC30010346A /* gameTest */;
			targetProxy = 84B4BD8A20656CC30010346A /* PBXContainerItemProxy */;
		};
		84B4BD9620656CC40010346A /* PBXTargetDependency */ = {
			isa = PBXTargetDependency;
			target = 84B4BD6E20656CC30010346A /* gameTest */;
			targetProxy = 84B4BD9520656CC40010346A /* PBXContainerItemProxy */;
		};
/* End PBXTargetDependency section */

/* Begin PBXVariantGroup section */
		84B4BD7C20656CC30010346A /* Main.storyboard */ = {
			isa = PBXVariantGroup;
			children = (
				84B4BD7D20656CC30010346A /* Base */,
			);
			name = Main.storyboard;
			sourceTree = "<group>";
		};
		84B4BD8120656CC30010346A /* LaunchScreen.storyboard */ = {
			isa = PBXVariantGroup;
			children = (
				84B4BD8220656CC30010346A /* Base */,
			);
			name = LaunchScreen.storyboard;
			sourceTree = "<group>";
		};
/* End PBXVariantGroup section */

/* Begin XCBuildConfiguration section */
		84B4BD9B20656CC40010346A /* Debug */ = {
			isa = XCBuildConfiguration;
			buildSettings = {
				ALWAYS_SEARCH_USER_PATHS = NO;
				CLANG_ANALYZER_NONNULL = YES;
				CLANG_ANALYZER_NUMBER_OBJECT_CONVERSION = YES_AGGRESSIVE;
				CLANG_CXX_LANGUAGE_STANDARD = "gnu++14";
				CLANG_CXX_LIBRARY = "libc++";
				CLANG_ENABLE_MODULES = YES;
				CLANG_ENABLE_OBJC_ARC = YES;
				CLANG_WARN_BLOCK_CAPTURE_AUTORELEASING = YES;
				CLANG_WARN_BOOL_CONVERSION = YES;
				CLANG_WARN_COMMA = YES;
				CLANG_WARN_CONSTANT_CONVERSION = YES;
				CLANG_WARN_DEPRECATED_OBJC_IMPLEMENTATIONS = YES;
				CLANG_WARN_DIRECT_OBJC_ISA_USAGE = YES_ERROR;
				CLANG_WARN_DOCUMENTATION_COMMENTS = YES;
				CLANG_WARN_EMPTY_BODY = YES;
				CLANG_WARN_ENUM_CONVERSION = YES;
				CLANG_WARN_INFINITE_RECURSION = YES;
				CLANG_WARN_INT_CONVERSION = YES;
				CLANG_WARN_NON_LITERAL_NULL_CONVERSION = YES;
				CLANG_WARN_OBJC_IMPLICIT_RETAIN_SELF = YES;
				CLANG_WARN_OBJC_LITERAL_CONVERSION = YES;
				CLANG_WARN_OBJC_ROOT_CLASS = YES_ERROR;
				CLANG_WARN_RANGE_LOOP_ANALYSIS = YES;
				CLANG_WARN_STRICT_PROTOTYPES = YES;
				CLANG_WARN_SUSPICIOUS_MOVE = YES;
				CLANG_WARN_UNGUARDED_AVAILABILITY = YES_AGGRESSIVE;
				CLANG_WARN_UNREACHABLE_CODE = YES;
				CLANG_WARN__DUPLICATE_METHOD_MATCH = YES;
				CODE_SIGN_IDENTITY = "iPhone Developer";
				COPY_PHASE_STRIP = NO;
				DEBUG_INFORMATION_FORMAT = dwarf;
				ENABLE_STRICT_OBJC_MSGSEND = YES;
				ENABLE_TESTABILITY = YES;
				GCC_C_LANGUAGE_STANDARD = gnu11;
				GCC_DYNAMIC_NO_PIC = NO;
				GCC_NO_COMMON_BLOCKS = YES;
				GCC_OPTIMIZATION_LEVEL = 0;
				GCC_PREPROCESSOR_DEFINITIONS = (
					"DEBUG=1",
					"$(inherited)",
				);
				GCC_WARN_64_TO_32_BIT_CONVERSION = YES;
				GCC_WARN_ABOUT_RETURN_TYPE = YES_ERROR;
				GCC_WARN_UNDECLARED_SELECTOR = YES;
				GCC_WARN_UNINITIALIZED_AUTOS = YES_AGGRESSIVE;
				GCC_WARN_UNUSED_FUNCTION = YES;
				GCC_WARN_UNUSED_VARIABLE = YES;
				IPHONEOS_DEPLOYMENT_TARGET = 11.2;
				MTL_ENABLE_DEBUG_INFO = YES;
				ONLY_ACTIVE_ARCH = YES;
				SDKROOT = iphoneos;
				SWIFT_ACTIVE_COMPILATION_CONDITIONS = DEBUG;
				SWIFT_OPTIMIZATION_LEVEL = "-Onone";
			};
			name = Debug;
		};
		84B4BD9C20656CC40010346A /* Release */ = {
			isa = XCBuildConfiguration;
			buildSettings = {
				ALWAYS_SEARCH_USER_PATHS = NO;
				CLANG_ANALYZER_NONNULL = YES;
				CLANG_ANALYZER_NUMBER_OBJECT_CONVERSION = YES_AGGRESSIVE;
				CLANG_CXX_LANGUAGE_STANDARD = "gnu++14";
				CLANG_CXX_LIBRARY = "libc++";
				CLANG_ENABLE_MODULES = YES;
				CLANG_ENABLE_OBJC_ARC = YES;
				CLANG_WARN_BLOCK_CAPTURE_AUTORELEASING = YES;
				CLANG_WARN_BOOL_CONVERSION = YES;
				CLANG_WARN_COMMA = YES;
				CLANG_WARN_CONSTANT_CONVERSION = YES;
				CLANG_WARN_DEPRECATED_OBJC_IMPLEMENTATIONS = YES;
				CLANG_WARN_DIRECT_OBJC_ISA_USAGE = YES_ERROR;
				CLANG_WARN_DOCUMENTATION_COMMENTS = YES;
				CLANG_WARN_EMPTY_BODY = YES;
				CLANG_WARN_ENUM_CONVERSION = YES;
				CLANG_WARN_INFINITE_RECURSION = YES;
				CLANG_WARN_INT_CONVERSION = YES;
				CLANG_WARN_NON_LITERAL_NULL_CONVERSION = YES;
				CLANG_WARN_OBJC_IMPLICIT_RETAIN_SELF = YES;
				CLANG_WARN_OBJC_LITERAL_CONVERSION = YES;
				CLANG_WARN_OBJC_ROOT_CLASS = YES_ERROR;
				CLANG_WARN_RANGE_LOOP_ANALYSIS = YES;
				CLANG_WARN_STRICT_PROTOTYPES = YES;
				CLANG_WARN_SUSPICIOUS_MOVE = YES;
				CLANG_WARN_UNGUARDED_AVAILABILITY = YES_AGGRESSIVE;
				CLANG_WARN_UNREACHABLE_CODE = YES;
				CLANG_WARN__DUPLICATE_METHOD_MATCH = YES;
				CODE_SIGN_IDENTITY = "iPhone Developer";
				COPY_PHASE_STRIP = NO;
				DEBUG_INFORMATION_FORMAT = "dwarf-with-dsym";
				ENABLE_NS_ASSERTIONS = NO;
				ENABLE_STRICT_OBJC_MSGSEND = YES;
				GCC_C_LANGUAGE_STANDARD = gnu11;
				GCC_NO_COMMON_BLOCKS = YES;
				GCC_WARN_64_TO_32_BIT_CONVERSION = YES;
				GCC_WARN_ABOUT_RETURN_TYPE = YES_ERROR;
				GCC_WARN_UNDECLARED_SELECTOR = YES;
				GCC_WARN_UNINITIALIZED_AUTOS = YES_AGGRESSIVE;
				GCC_WARN_UNUSED_FUNCTION = YES;
				GCC_WARN_UNUSED_VARIABLE = YES;
				IPHONEOS_DEPLOYMENT_TARGET = 11.2;
				MTL_ENABLE_DEBUG_INFO = NO;
				SDKROOT = iphoneos;
				SWIFT_OPTIMIZATION_LEVEL = "-Owholemodule";
				VALIDATE_PRODUCT = YES;
			};
			name = Release;
		};
		84B4BD9E20656CC40010346A /* Debug */ = {
			isa = XCBuildConfiguration;
			baseConfigurationReference = 8D0583651443F4D1A80C5360 /* Pods-gameTest.debug.xcconfig */;
			buildSettings = {
				ASSETCATALOG_COMPILER_APPICON_NAME = AppIcon;
				CODE_SIGN_STYLE = Automatic;
				DEVELOPMENT_TEAM = P3L92FQL3J;
				INFOPLIST_FILE = gameTest/Info.plist;
				LD_RUNPATH_SEARCH_PATHS = "$(inherited) @executable_path/Frameworks";
				PRODUCT_BUNDLE_IDENTIFIER = com.natedog.gameTest;
				PRODUCT_NAME = "$(TARGET_NAME)";
				SWIFT_VERSION = 4.0;
				TARGETED_DEVICE_FAMILY = 1;
			};
			name = Debug;
		};
		84B4BD9F20656CC40010346A /* Release */ = {
			isa = XCBuildConfiguration;
			baseConfigurationReference = 594D85CDA414FCDF77EAA2A2 /* Pods-gameTest.release.xcconfig */;
			buildSettings = {
				ASSETCATALOG_COMPILER_APPICON_NAME = AppIcon;
				CODE_SIGN_STYLE = Automatic;
				DEVELOPMENT_TEAM = P3L92FQL3J;
				INFOPLIST_FILE = gameTest/Info.plist;
				LD_RUNPATH_SEARCH_PATHS = "$(inherited) @executable_path/Frameworks";
				PRODUCT_BUNDLE_IDENTIFIER = com.natedog.gameTest;
				PRODUCT_NAME = "$(TARGET_NAME)";
				SWIFT_VERSION = 4.0;
				TARGETED_DEVICE_FAMILY = 1;
			};
			name = Release;
		};
		84B4BDA120656CC40010346A /* Debug */ = {
			isa = XCBuildConfiguration;
			baseConfigurationReference = 7593292A5B5FF2BC3AF79E1B /* Pods-gameTestTests.debug.xcconfig */;
			buildSettings = {
				ALWAYS_EMBED_SWIFT_STANDARD_LIBRARIES = YES;
				BUNDLE_LOADER = "$(TEST_HOST)";
				CODE_SIGN_STYLE = Automatic;
				INFOPLIST_FILE = gameTestTests/Info.plist;
				LD_RUNPATH_SEARCH_PATHS = "$(inherited) @executable_path/Frameworks @loader_path/Frameworks";
				PRODUCT_BUNDLE_IDENTIFIER = com.natedog.gameTestTests;
				PRODUCT_NAME = "$(TARGET_NAME)";
				SWIFT_VERSION = 4.0;
				TARGETED_DEVICE_FAMILY = "1,2";
				TEST_HOST = "$(BUILT_PRODUCTS_DIR)/gameTest.app/gameTest";
			};
			name = Debug;
		};
		84B4BDA220656CC40010346A /* Release */ = {
			isa = XCBuildConfiguration;
			baseConfigurationReference = 6CEC3BB9B9A5E03D5FC01FC0 /* Pods-gameTestTests.release.xcconfig */;
			buildSettings = {
				ALWAYS_EMBED_SWIFT_STANDARD_LIBRARIES = YES;
				BUNDLE_LOADER = "$(TEST_HOST)";
				CODE_SIGN_STYLE = Automatic;
				INFOPLIST_FILE = gameTestTests/Info.plist;
				LD_RUNPATH_SEARCH_PATHS = "$(inherited) @executable_path/Frameworks @loader_path/Frameworks";
				PRODUCT_BUNDLE_IDENTIFIER = com.natedog.gameTestTests;
				PRODUCT_NAME = "$(TARGET_NAME)";
				SWIFT_VERSION = 4.0;
				TARGETED_DEVICE_FAMILY = "1,2";
				TEST_HOST = "$(BUILT_PRODUCTS_DIR)/gameTest.app/gameTest";
			};
			name = Release;
		};
		84B4BDA420656CC40010346A /* Debug */ = {
			isa = XCBuildConfiguration;
			baseConfigurationReference = 3720AD2BE18E3F0A97379C0E /* Pods-gameTestUITests.debug.xcconfig */;
			buildSettings = {
				ALWAYS_EMBED_SWIFT_STANDARD_LIBRARIES = YES;
				CODE_SIGN_STYLE = Automatic;
				INFOPLIST_FILE = gameTestUITests/Info.plist;
				LD_RUNPATH_SEARCH_PATHS = "$(inherited) @executable_path/Frameworks @loader_path/Frameworks";
				PRODUCT_BUNDLE_IDENTIFIER = com.natedog.gameTestUITests;
				PRODUCT_NAME = "$(TARGET_NAME)";
				SWIFT_VERSION = 4.0;
				TARGETED_DEVICE_FAMILY = "1,2";
				TEST_TARGET_NAME = gameTest;
			};
			name = Debug;
		};
		84B4BDA520656CC40010346A /* Release */ = {
			isa = XCBuildConfiguration;
			baseConfigurationReference = BBC888CF8726C6459E86B821 /* Pods-gameTestUITests.release.xcconfig */;
			buildSettings = {
				ALWAYS_EMBED_SWIFT_STANDARD_LIBRARIES = YES;
				CODE_SIGN_STYLE = Automatic;
				INFOPLIST_FILE = gameTestUITests/Info.plist;
				LD_RUNPATH_SEARCH_PATHS = "$(inherited) @executable_path/Frameworks @loader_path/Frameworks";
				PRODUCT_BUNDLE_IDENTIFIER = com.natedog.gameTestUITests;
				PRODUCT_NAME = "$(TARGET_NAME)";
				SWIFT_VERSION = 4.0;
				TARGETED_DEVICE_FAMILY = "1,2";
				TEST_TARGET_NAME = gameTest;
			};
			name = Release;
		};
/* End XCBuildConfiguration section */

/* Begin XCConfigurationList section */
		84B4BD6A20656CC30010346A /* Build configuration list for PBXProject "gameTest" */ = {
			isa = XCConfigurationList;
			buildConfigurations = (
				84B4BD9B20656CC40010346A /* Debug */,
				84B4BD9C20656CC40010346A /* Release */,
			);
			defaultConfigurationIsVisible = 0;
			defaultConfigurationName = Release;
		};
		84B4BD9D20656CC40010346A /* Build configuration list for PBXNativeTarget "gameTest" */ = {
			isa = XCConfigurationList;
			buildConfigurations = (
				84B4BD9E20656CC40010346A /* Debug */,
				84B4BD9F20656CC40010346A /* Release */,
			);
			defaultConfigurationIsVisible = 0;
			defaultConfigurationName = Release;
		};
		84B4BDA020656CC40010346A /* Build configuration list for PBXNativeTarget "gameTestTests" */ = {
			isa = XCConfigurationList;
			buildConfigurations = (
				84B4BDA120656CC40010346A /* Debug */,
				84B4BDA220656CC40010346A /* Release */,
			);
			defaultConfigurationIsVisible = 0;
			defaultConfigurationName = Release;
		};
		84B4BDA320656CC40010346A /* Build configuration list for PBXNativeTarget "gameTestUITests" */ = {
			isa = XCConfigurationList;
			buildConfigurations = (
				84B4BDA420656CC40010346A /* Debug */,
				84B4BDA520656CC40010346A /* Release */,
			);
			defaultConfigurationIsVisible = 0;
			defaultConfigurationName = Release;
		};
/* End XCConfigurationList section */
	};
	rootObject = 84B4BD6720656CC30010346A /* Project object */;
}
